dependencies:
- name: postgresql
  repository: https://charts.bitnami.com/bitnami
  version: 14.3.1
- name: prometheus
  repository: https://prometheus-community.github.io/helm-charts
  version: 25.16.0
digest: sha256:86d34ebd1d9355443014356028cf45d36bf59b0438e235f10b27248734df6400
generated: "2024-03-09T00:30:40.695825621+01:00"
